
Microsoft Visual Studio Solution File, Format Version 12.00
# Visual Studio Version 17
VisualStudioVersion = 17.3.32825.248
MinimumVisualStudioVersion = 10.0.40219.1
Project("{FAE04EC0-301F-11D3-BF4B-00C04F79EFBC}") = "Shoper.Entities", "Shoper.Entities\Shoper.Entities.csproj", "{1DD9A87A-37B1-4F8C-80F6-7DEA17456BAF}"
EndProject
Project("{FAE04EC0-301F-11D3-BF4B-00C04F79EFBC}") = "Shoper.Data", "Shoper.Data\Shoper.Data.csproj", "{019E9855-F3B8-4EF5-8FB7-505AF802D432}"
EndProject
Project("{FAE04EC0-301F-11D3-BF4B-00C04F79EFBC}") = "Shoper.BusinessLogic", "Shoper.BusinessLogic\Shoper.BusinessLogic.csproj", "{A845B7D9-0F78-412C-A192-92AC3B8AD3F4}"
EndProject
Global
	GlobalSection(SolutionConfigurationPlatforms) = preSolution
		Debug|Any CPU = Debug|Any CPU
		Release|Any CPU = Release|Any CPU
	EndGlobalSection
	GlobalSection(ProjectConfigurationPlatforms) = postSolution
		{1DD9A87A-37B1-4F8C-80F6-7DEA17456BAF}.Debug|Any CPU.ActiveCfg = Debug|Any CPU
		{1DD9A87A-37B1-4F8C-80F6-7DEA17456BAF}.Debug|Any CPU.Build.0 = Debug|Any CPU
		{1DD9A87A-37B1-4F8C-80F6-7DEA17456BAF}.Release|Any CPU.ActiveCfg = Release|Any CPU
		{1DD9A87A-37B1-4F8C-80F6-7DEA17456BAF}.Release|Any CPU.Build.0 = Release|Any CPU
		{019E9855-F3B8-4EF5-8FB7-505AF802D432}.Debug|Any CPU.ActiveCfg = Debug|Any CPU
		{019E9855-F3B8-4EF5-8FB7-505AF802D432}.Debug|Any CPU.Build.0 = Debug|Any CPU
		{019E9855-F3B8-4EF5-8FB7-505AF802D432}.Release|Any CPU.ActiveCfg = Release|Any CPU
		{019E9855-F3B8-4EF5-8FB7-505AF802D432}.Release|Any CPU.Build.0 = Release|Any CPU
		{A845B7D9-0F78-412C-A192-92AC3B8AD3F4}.Debug|Any CPU.ActiveCfg = Debug|Any CPU
		{A845B7D9-0F78-412C-A192-92AC3B8AD3F4}.Debug|Any CPU.Build.0 = Debug|Any CPU
		{A845B7D9-0F78-412C-A192-92AC3B8AD3F4}.Release|Any CPU.ActiveCfg = Release|Any CPU
		{A845B7D9-0F78-412C-A192-92AC3B8AD3F4}.Release|Any CPU.Build.0 = Release|Any CPU
	EndGlobalSection
	GlobalSection(SolutionProperties) = preSolution
		HideSolutionNode = FALSE
	EndGlobalSection
	GlobalSection(ExtensibilityGlobals) = postSolution
		SolutionGuid = {3BFDD001-9F57-42D5-B65B-ACFEEE4043C8}
	EndGlobalSection
EndGlobal
